github.com/WJQSERVER-STUDIO/go-utils/iox v0.0.3 h1:Hc1O6D50U3URkdSzfQ/SgeUU750wUBCYhefdvAbE2Ck=
github.com/WJQSERVER-STUDIO/go-utils/iox v0.0.3/go.mod h1:nFQzepAwwdj5Hp5U+X19l4FVvsaOSBTW41BzfI/CkMA=
github.com/WJQSERVER-STUDIO/httpc v0.9.3 h1:wYZkz9f/+2WuDuzPlExebvnn0q6QeArM15Y51HJ5UUI=
github.com/WJQSERVER-STUDIO/httpc v0.9.3/go.mod h1:vtaDmN/8gN8Es1DJsGvvrFr8kErysJndu87i+KOWUHY=
github.com/WJQSERVER/wanf v0.0.8 h1:1Ri9d7nKhu22hGxP8O9B9rXnYym6DYGKgi6WRVx3VF8=
github.com/WJQSERVER/wanf v0.0.8/go.mod h1:R0Zw/1skEMVlQ9m5atbkmanlW+9h2bkdq7+wbPY+F/8=
github.com/fenthope/reco v0.0.5 h1:Z/bOunFf4LSgYP/IxG9fe2pTrIq7bPsDflflbNR5Agw=
github.com/fenthope/reco v0.0.5/go.mod h1:nd5gMkuJHN2+2Iwwt3xy+HSqRaROauIjHNkmQWRsHyM=
github.com/go-json-experiment/json v0.0.0-20260214004413-d219187c3433 h1:vymEbVwYFP/L05h5TKQxvkXoKxNvTpjxYKdF1Nlwuao=
github.com/go-json-experiment/json v0.0.0-20260214004413-d219187c3433/go.mod h1:tphK2c80bpPhMOI4v6bIc2xWywPfbqi1Z06+RcrMkDg=
github.com/infinite-iroha/touka v1.0.2 h1:Ow+WFXGspKynf1QTRxJak4FaCfpZsE6h1dT+uauAXdU=
github.com/infinite-iroha/touka v1.0.2/go.mod h1:mEpkNjM6Zze+28oA0Rcvxe/Xmr53DhyxpZvU7CRTRgU=
github.com/valyala/bytebufferpool v1.0.0 h1:GqA5TC/0021Y/b9FG4Oi9Mr3q7XYx6KllzawFIhcdPw=
github.com/valyala/bytebufferpool v1.0.0/go.mod h1:6bBcMArwyJ5K/AmCkWv1jt77kVWyCJ6HpOuEn7z0Csc=
golang.org/x/net v0.55.0 h1:bcvxaJn3e1U6InsFWt1JUq1aSjnRxLzT2rtD2KfkDF8=
golang.org/x/net v0.55.0/go.mod h1:L5U2KuzuOe1lY7Z+aWVIKK6qEeJXnXV9yzGA+WCHJww=
golang.org/x/text v0.37.0 h1:Cqjiwd9eSg8e0QAkyCaQTNHFIIzWtidPahFWR83rTrc=
golang.org/x/text v0.37.0/go.mod h1:a5sjxXGs9hsn/AJVwuElvCAo9v8QYLzvavO5z2PiM38=
